
Microsoft Visual Studio Solution File, Format Version 12.00
# Visual Studio Version 16
VisualStudioVersion = 16.0.29009.5
MinimumVisualStudioVersion = 10.0.40219.1
Project("{FAE04EC0-301F-11D3-BF4B-00C04F79EFBC}") = "ConsoleApp1", "ConsoleApp1.csproj", "{0571B685-52C6-498F-B25A-8529A85D9DE6}"
EndProject
Global
	GlobalSection(SolutionConfigurationPlatforms) = preSolution
		Debug|Any CPU = Debug|Any CPU
		Release|Any CPU = Release|Any CPU
	EndGlobalSection
	GlobalSection(ProjectConfigurationPlatforms) = postSolution
		{0571B685-52C6-498F-B25A-8529A85D9DE6}.Debug|Any CPU.ActiveCfg = Debug|Any CPU
		{0571B685-52C6-498F-B25A-8529A85D9DE6}.Debug|Any CPU.Build.0 = Debug|Any CPU
		{0571B685-52C6-498F-B25A-8529A85D9DE6}.Release|Any CPU.ActiveCfg = Release|Any CPU
		{0571B685-52C6-498F-B25A-8529A85D9DE6}.Release|Any CPU.Build.0 = Release|Any CPU
	EndGlobalSection
	GlobalSection(SolutionProperties) = preSolution
		HideSolutionNode = FALSE
	EndGlobalSection
	GlobalSection(ExtensibilityGlobals) = postSolution
		SolutionGuid = {178490F4-ED59-46DB-B2ED-1C0304A51705}
	EndGlobalSection
EndGlobal
